
Microsoft Visual Studio Solution File, Format Version 12.00
# Visual Studio Version 17
VisualStudioVersion = 17.4.33103.184
MinimumVisualStudioVersion = 10.0.40219.1
Project("{9A19103F-16F7-4668-BE54-9A1E7A4F7556}") = "CommonServiceLocator", "CommonServiceLocator\CommonServiceLocator.csproj", "{5FD1C122-69F9-4AB6-B6B3-7F1AA6AE113A}"
EndProject
Project("{FAE04EC0-301F-11D3-BF4B-00C04F79EFBC}") = "ServiceLocation", "ServiceLocation\ServiceLocation.csproj", "{6919EB91-7693-407D-86F5-7E0316D5DDA0}"
EndProject
Global
	GlobalSection(SolutionConfigurationPlatforms) = preSolution
		Debug|Any CPU = Debug|Any CPU
		Release|Any CPU = Release|Any CPU
	EndGlobalSection
	GlobalSection(ProjectConfigurationPlatforms) = postSolution
		{5FD1C122-69F9-4AB6-B6B3-7F1AA6AE113A}.Debug|Any CPU.ActiveCfg = Debug|Any CPU
		{5FD1C122-69F9-4AB6-B6B3-7F1AA6AE113A}.Debug|Any CPU.Build.0 = Debug|Any CPU
		{5FD1C122-69F9-4AB6-B6B3-7F1AA6AE113A}.Release|Any CPU.ActiveCfg = Release|Any CPU
		{5FD1C122-69F9-4AB6-B6B3-7F1AA6AE113A}.Release|Any CPU.Build.0 = Release|Any CPU
		{6919EB91-7693-407D-86F5-7E0316D5DDA0}.Debug|Any CPU.ActiveCfg = Debug|Any CPU
		{6919EB91-7693-407D-86F5-7E0316D5DDA0}.Debug|Any CPU.Build.0 = Debug|Any CPU
		{6919EB91-7693-407D-86F5-7E0316D5DDA0}.Release|Any CPU.ActiveCfg = Release|Any CPU
		{6919EB91-7693-407D-86F5-7E0316D5DDA0}.Release|Any CPU.Build.0 = Release|Any CPU
	EndGlobalSection
	GlobalSection(SolutionProperties) = preSolution
		HideSolutionNode = FALSE
	EndGlobalSection
	GlobalSection(ExtensibilityGlobals) = postSolution
		SolutionGuid = {1FF216E3-FECA-4D73-B2D4-2266E14F03FF}
	EndGlobalSection
EndGlobal
